
Microsoft Visual Studio Solution File, Format Version 12.00
# Visual Studio 15
VisualStudioVersion = 15.0.26430.6
MinimumVisualStudioVersion = 10.0.40219.1
Project("{2150E333-8FDC-42A3-9474-1A3956D46DE8}") = "Shared", "Shared", "{9C7FB0D8-5173-40E3-989E-53D8DDCAA06B}"
EndProject
Project("{FAE04EC0-301F-11D3-BF4B-00C04F79EFBC}") = "Makarim.Accounting", "Shared\Makarim.Accounting\Makarim.Accounting.csproj", "{A5F0C7C9-C328-40C1-A6DC-814D4ADC3CEF}"
EndProject
Global
	GlobalSection(SolutionConfigurationPlatforms) = preSolution
		Debug|Any CPU = Debug|Any CPU
		Release|Any CPU = Release|Any CPU
	EndGlobalSection
	GlobalSection(ProjectConfigurationPlatforms) = postSolution
		{A5F0C7C9-C328-40C1-A6DC-814D4ADC3CEF}.Debug|Any CPU.ActiveCfg = Debug|Any CPU
		{A5F0C7C9-C328-40C1-A6DC-814D4ADC3CEF}.Debug|Any CPU.Build.0 = Debug|Any CPU
		{A5F0C7C9-C328-40C1-A6DC-814D4ADC3CEF}.Release|Any CPU.ActiveCfg = Release|Any CPU
		{A5F0C7C9-C328-40C1-A6DC-814D4ADC3CEF}.Release|Any CPU.Build.0 = Release|Any CPU
	EndGlobalSection
	GlobalSection(SolutionProperties) = preSolution
		HideSolutionNode = FALSE
	EndGlobalSection
	GlobalSection(NestedProjects) = preSolution
		{A5F0C7C9-C328-40C1-A6DC-814D4ADC3CEF} = {9C7FB0D8-5173-40E3-989E-53D8DDCAA06B}
	EndGlobalSection
EndGlobal
